
Microsoft Visual Studio Solution File, Format Version 12.00
# Visual Studio Version 16
VisualStudioVersion = 16.0.30717.126
MinimumVisualStudioVersion = 10.0.40219.1
Project("{9A19103F-16F7-4668-BE54-9A1E7A4F7556}") = "Artificial Intelligence search path", "Artificial Intelligence search path.csproj", "{C45C5E60-9EA5-43A4-96DF-D236E911AA82}"
EndProject
Project("{FAE04EC0-301F-11D3-BF4B-00C04F79EFBC}") = "Artificial Intelligence tic tac toe", "..\Artificial Intelligence tic tac toe\Artificial Intelligence tic tac toe.csproj", "{9978DB44-59E7-4B86-AB3E-D3A193AB9764}"
EndProject
Global
	GlobalSection(SolutionConfigurationPlatforms) = preSolution
		Debug|Any CPU = Debug|Any CPU
		Release|Any CPU = Release|Any CPU
	EndGlobalSection
	GlobalSection(ProjectConfigurationPlatforms) = postSolution
		{C45C5E60-9EA5-43A4-96DF-D236E911AA82}.Debug|Any CPU.ActiveCfg = Debug|Any CPU
		{C45C5E60-9EA5-43A4-96DF-D236E911AA82}.Debug|Any CPU.Build.0 = Debug|Any CPU
		{C45C5E60-9EA5-43A4-96DF-D236E911AA82}.Release|Any CPU.ActiveCfg = Release|Any CPU
		{C45C5E60-9EA5-43A4-96DF-D236E911AA82}.Release|Any CPU.Build.0 = Release|Any CPU
		{9978DB44-59E7-4B86-AB3E-D3A193AB9764}.Debug|Any CPU.ActiveCfg = Debug|Any CPU
		{9978DB44-59E7-4B86-AB3E-D3A193AB9764}.Debug|Any CPU.Build.0 = Debug|Any CPU
		{9978DB44-59E7-4B86-AB3E-D3A193AB9764}.Release|Any CPU.ActiveCfg = Release|Any CPU
		{9978DB44-59E7-4B86-AB3E-D3A193AB9764}.Release|Any CPU.Build.0 = Release|Any CPU
	EndGlobalSection
	GlobalSection(SolutionProperties) = preSolution
		HideSolutionNode = FALSE
	EndGlobalSection
	GlobalSection(ExtensibilityGlobals) = postSolution
		SolutionGuid = {7CC3BA22-E2D0-4868-94BC-3CBDBDDC7E86}
	EndGlobalSection
EndGlobal
